
Microsoft Visual Studio Solution File, Format Version 12.00
# Visual Studio Version 17
VisualStudioVersion = 17.5.002.0
MinimumVisualStudioVersion = 10.0.40219.1
Project("{9A19103F-16F7-4668-BE54-9A1E7A4F7556}") = "TestConnection", "TestConnection\TestConnection.csproj", "{C5A7257A-A294-49E8-B35B-4401DBB55CBD}"
EndProject
Global
	GlobalSection(SolutionConfigurationPlatforms) = preSolution
		Debug|Any CPU = Debug|Any CPU
		Release|Any CPU = Release|Any CPU
	EndGlobalSection
	GlobalSection(ProjectConfigurationPlatforms) = postSolution
		{C5A7257A-A294-49E8-B35B-4401DBB55CBD}.Debug|Any CPU.ActiveCfg = Debug|Any CPU
		{C5A7257A-A294-49E8-B35B-4401DBB55CBD}.Debug|Any CPU.Build.0 = Debug|Any CPU
		{C5A7257A-A294-49E8-B35B-4401DBB55CBD}.Release|Any CPU.ActiveCfg = Release|Any CPU
		{C5A7257A-A294-49E8-B35B-4401DBB55CBD}.Release|Any CPU.Build.0 = Release|Any CPU
	EndGlobalSection
	GlobalSection(SolutionProperties) = preSolution
		HideSolutionNode = FALSE
	EndGlobalSection
	GlobalSection(ExtensibilityGlobals) = postSolution
		SolutionGuid = {080BD540-DE1E-482C-81EA-EF389E97C2AF}
	EndGlobalSection
EndGlobal
